<?xml version="1.0" encoding="UTF-8" standalone="yes" ?>
<CodeBlocks_project_file>
	<FileVersion major="1" minor="6" />
	<Project>
		<Option title="raspberryClock" />
		<Option pch_mode="2" />
		<Option compiler="arm-elf-gcc" />
		<Build>
			<Target title="Debug">
				<Option output="bin/Debug/raspberryClock" prefix_auto="1" extension_auto="1" />
				<Option object_output="obj/Debug/" />
				<Option type="1" />
				<Option compiler="arm-elf-gcc" />
				<Compiler>
					<Add option="-g" />
				</Compiler>
			</Target>
			<Target title="Release">
				<Option output="bin/Release/raspberryClock" prefix_auto="1" extension_auto="1" />
				<Option object_output="obj/Release/" />
				<Option type="1" />
				<Option compiler="arm-elf-gcc" />
				<Compiler>
					<Add option="-O2" />
				</Compiler>
				<Linker>
					<Add option="-s" />
				</Linker>
			</Target>
		</Build>
		<Compiler>
			<Add option="-Wall" />
		</Compiler>
		<Unit filename="raspberryClock/Application.cpp" />
		<Unit filename="raspberryClock/Application.h" />
		<Unit filename="raspberryClock/BMP180.cpp" />
		<Unit filename="raspberryClock/BMP180.h" />
		<Unit filename="raspberryClock/Button.cpp" />
		<Unit filename="raspberryClock/Button.h" />
		<Unit filename="raspberryClock/Buzzer.cpp" />
		<Unit filename="raspberryClock/Buzzer.h" />
		<Unit filename="raspberryClock/ClockManager.cpp" />
		<Unit filename="raspberryClock/ClockManager.h" />
		<Unit filename="raspberryClock/Result.hpp" />
		<Unit filename="raspberryClock/SSD1306.cpp" />
		<Unit filename="raspberryClock/SSD1306.h" />
		<Unit filename="raspberryClock/WiringPi.cpp" />
		<Unit filename="raspberryClock/WiringPi.h" />
		<Unit filename="raspberryClock/fakeWiringPi.hpp" />
		<Unit filename="raspberryClock/main.cpp" />
		<Extensions>
			<code_completion />
			<debugger />
		</Extensions>
	</Project>
</CodeBlocks_project_file>
